
Microsoft Visual Studio Solution File, Format Version 12.00
# Visual Studio Version 16
VisualStudioVersion = 16.0.30907.101
MinimumVisualStudioVersion = 10.0.40219.1
Project("{FAE04EC0-301F-11D3-BF4B-00C04F79EFBC}") = "AhRulesBot", "AhRulesBot\AhRulesBot.csproj", "{BBCFC53D-3BBB-496D-A425-DA6EA72116F7}"
EndProject
Global
	GlobalSection(SolutionConfigurationPlatforms) = preSolution
		Debug|Any CPU = Debug|Any CPU
		Release|Any CPU = Release|Any CPU
	EndGlobalSection
	GlobalSection(ProjectConfigurationPlatforms) = postSolution
		{BBCFC53D-3BBB-496D-A425-DA6EA72116F7}.Debug|Any CPU.ActiveCfg = Debug|Any CPU
		{BBCFC53D-3BBB-496D-A425-DA6EA72116F7}.Debug|Any CPU.Build.0 = Debug|Any CPU
		{BBCFC53D-3BBB-496D-A425-DA6EA72116F7}.Release|Any CPU.ActiveCfg = Release|Any CPU
		{BBCFC53D-3BBB-496D-A425-DA6EA72116F7}.Release|Any CPU.Build.0 = Release|Any CPU
	EndGlobalSection
	GlobalSection(SolutionProperties) = preSolution
		HideSolutionNode = FALSE
	EndGlobalSection
	GlobalSection(ExtensibilityGlobals) = postSolution
		SolutionGuid = {4394684A-F66C-47DA-83CA-07F1ADEFC23A}
	EndGlobalSection
EndGlobal
